
Microsoft Visual Studio Solution File, Format Version 12.00
# Visual Studio Version 16
VisualStudioVersion = 16.0.28407.52
MinimumVisualStudioVersion = 10.0.40219.1
Project("{9A19103F-16F7-4668-BE54-9A1E7A4F7556}") = "Base62Core", "Base62Core\Base62Core.csproj", "{A43710C9-F68B-4074-9AE0-8D9B43838A4A}"
EndProject
Project("{9A19103F-16F7-4668-BE54-9A1E7A4F7556}") = "Base62Core.Example", "Base62Core.Example\Base62Core.Example.csproj", "{11C545B9-46AB-4A02-88CF-A687033B1A76}"
EndProject
Global
	GlobalSection(SolutionConfigurationPlatforms) = preSolution
		Debug|Any CPU = Debug|Any CPU
		Release|Any CPU = Release|Any CPU
	EndGlobalSection
	GlobalSection(ProjectConfigurationPlatforms) = postSolution
		{A43710C9-F68B-4074-9AE0-8D9B43838A4A}.Debug|Any CPU.ActiveCfg = Debug|Any CPU
		{A43710C9-F68B-4074-9AE0-8D9B43838A4A}.Debug|Any CPU.Build.0 = Debug|Any CPU
		{A43710C9-F68B-4074-9AE0-8D9B43838A4A}.Release|Any CPU.ActiveCfg = Release|Any CPU
		{A43710C9-F68B-4074-9AE0-8D9B43838A4A}.Release|Any CPU.Build.0 = Release|Any CPU
		{11C545B9-46AB-4A02-88CF-A687033B1A76}.Debug|Any CPU.ActiveCfg = Debug|Any CPU
		{11C545B9-46AB-4A02-88CF-A687033B1A76}.Debug|Any CPU.Build.0 = Debug|Any CPU
		{11C545B9-46AB-4A02-88CF-A687033B1A76}.Release|Any CPU.ActiveCfg = Release|Any CPU
		{11C545B9-46AB-4A02-88CF-A687033B1A76}.Release|Any CPU.Build.0 = Release|Any CPU
	EndGlobalSection
	GlobalSection(SolutionProperties) = preSolution
		HideSolutionNode = FALSE
	EndGlobalSection
	GlobalSection(ExtensibilityGlobals) = postSolution
		SolutionGuid = {BBDAB16A-F908-4ECD-9F5B-6AEEC1F5E613}
	EndGlobalSection
EndGlobal
