
Microsoft Visual Studio Solution File, Format Version 12.00
# Visual Studio Version 16
VisualStudioVersion = 16.0.28407.52
MinimumVisualStudioVersion = 10.0.40219.1
Project("{FAE04EC0-301F-11D3-BF4B-00C04F79EFBC}") = "Base62", "Base62\Base62.csproj", "{EC5E1ABC-D4E8-4D03-9F6D-CF8C91172DA2}"
EndProject
Project("{FAE04EC0-301F-11D3-BF4B-00C04F79EFBC}") = "Base62.Example", "Base62.Example\Base62.Example.csproj", "{CC6B520D-1361-4ED2-BD4F-7A6174AE6FDD}"
EndProject
Global
	GlobalSection(SolutionConfigurationPlatforms) = preSolution
		Debug|Any CPU = Debug|Any CPU
		Release|Any CPU = Release|Any CPU
	EndGlobalSection
	GlobalSection(ProjectConfigurationPlatforms) = postSolution
		{EC5E1ABC-D4E8-4D03-9F6D-CF8C91172DA2}.Debug|Any CPU.ActiveCfg = Debug|Any CPU
		{EC5E1ABC-D4E8-4D03-9F6D-CF8C91172DA2}.Debug|Any CPU.Build.0 = Debug|Any CPU
		{EC5E1ABC-D4E8-4D03-9F6D-CF8C91172DA2}.Release|Any CPU.ActiveCfg = Release|Any CPU
		{EC5E1ABC-D4E8-4D03-9F6D-CF8C91172DA2}.Release|Any CPU.Build.0 = Release|Any CPU
		{CC6B520D-1361-4ED2-BD4F-7A6174AE6FDD}.Debug|Any CPU.ActiveCfg = Debug|Any CPU
		{CC6B520D-1361-4ED2-BD4F-7A6174AE6FDD}.Debug|Any CPU.Build.0 = Debug|Any CPU
		{CC6B520D-1361-4ED2-BD4F-7A6174AE6FDD}.Release|Any CPU.ActiveCfg = Release|Any CPU
		{CC6B520D-1361-4ED2-BD4F-7A6174AE6FDD}.Release|Any CPU.Build.0 = Release|Any CPU
	EndGlobalSection
	GlobalSection(SolutionProperties) = preSolution
		HideSolutionNode = FALSE
	EndGlobalSection
	GlobalSection(ExtensibilityGlobals) = postSolution
		SolutionGuid = {BBDAB16A-F908-4ECD-9F5B-6AEEC1F5E613}
	EndGlobalSection
EndGlobal
